
Microsoft Visual Studio Solution File, Format Version 12.00
# Visual Studio Version 16
VisualStudioVersion = 16.0.31702.278
MinimumVisualStudioVersion = 10.0.40219.1
Project("{FAE04EC0-301F-11D3-BF4B-00C04F79EFBC}") = "2910", "2910\2910.csproj", "{74E82B04-B4DD-4CB5-A7CA-D3F7AFB18B8D}"
EndProject
Global
	GlobalSection(SolutionConfigurationPlatforms) = preSolution
		Debug|Any CPU = Debug|Any CPU
		Release|Any CPU = Release|Any CPU
	EndGlobalSection
	GlobalSection(ProjectConfigurationPlatforms) = postSolution
		{74E82B04-B4DD-4CB5-A7CA-D3F7AFB18B8D}.Debug|Any CPU.ActiveCfg = Debug|Any CPU
		{74E82B04-B4DD-4CB5-A7CA-D3F7AFB18B8D}.Debug|Any CPU.Build.0 = Debug|Any CPU
		{74E82B04-B4DD-4CB5-A7CA-D3F7AFB18B8D}.Release|Any CPU.ActiveCfg = Release|Any CPU
		{74E82B04-B4DD-4CB5-A7CA-D3F7AFB18B8D}.Release|Any CPU.Build.0 = Release|Any CPU
	EndGlobalSection
	GlobalSection(SolutionProperties) = preSolution
		HideSolutionNode = FALSE
	EndGlobalSection
	GlobalSection(ExtensibilityGlobals) = postSolution
		SolutionGuid = {EF0E20BB-235F-4DF6-9E11-88D37DBABC04}
	EndGlobalSection
EndGlobal
